
Microsoft Visual Studio Solution File, Format Version 12.00
# Visual Studio 15
VisualStudioVersion = 15.0.26730.12
MinimumVisualStudioVersion = 10.0.40219.1
Project("{2150E333-8FDC-42A3-9474-1A3956D46DE8}") = "0 - Presentation", "0 - Presentation", "{CB27B52B-9BA8-480F-882F-480E681B2503}"
EndProject
Project("{2150E333-8FDC-42A3-9474-1A3956D46DE8}") = "1 - Services", "1 - Services", "{9CDF528D-3E3D-4B1F-91A2-AC845EB0EBDC}"
EndProject
Project("{2150E333-8FDC-42A3-9474-1A3956D46DE8}") = "2 - Application", "2 - Application", "{A0F9FBC5-C68B-4926-874C-BB89FEB318D4}"
EndProject
Project("{2150E333-8FDC-42A3-9474-1A3956D46DE8}") = "3 - Domain", "3 - Domain", "{A7D8EEB5-0ADE-4276-A408-11E5C1B10989}"
EndProject
Project("{2150E333-8FDC-42A3-9474-1A3956D46DE8}") = "4 - Infra", "4 - Infra", "{05237A8A-BB78-4204-8C29-A4CFC4DEACFC}"
EndProject
Project("{FAE04EC0-301F-11D3-BF4B-00C04F79EFBC}") = "EZ.PizzTop.Domain", "src\EZ.PizzTop.Domain\EZ.PizzTop.Domain.csproj", "{D2448CD3-DCA5-4D4E-867E-5C2BB20E9E73}"
EndProject
Project("{2150E333-8FDC-42A3-9474-1A3956D46DE8}") = "4.1 - Data", "4.1 - Data", "{A2B38DC5-F238-4900-9F8F-29D1F02510B6}"
EndProject
Project("{2150E333-8FDC-42A3-9474-1A3956D46DE8}") = "4.2 - CrossCutting", "4.2 - CrossCutting", "{9386D95D-342E-495D-B627-39F731D3A3CF}"
EndProject
Project("{FAE04EC0-301F-11D3-BF4B-00C04F79EFBC}") = "EZ.PizzTop.Infra.Data", "src\EZ.PizzTop.Infra.Data\EZ.PizzTop.Infra.Data.csproj", "{69551DA3-BB40-4A9C-B984-DC132D9FE287}"
EndProject
Project("{FAE04EC0-301F-11D3-BF4B-00C04F79EFBC}") = "EZ.PizzTop.UI.MVC", "src\EZ.PizzTop.UI.MVC\EZ.PizzTop.UI.MVC.csproj", "{479CB1CD-5897-42FF-878F-D6D9712E2D27}"
EndProject
Project("{FAE04EC0-301F-11D3-BF4B-00C04F79EFBC}") = "EZ.PizzTop.Application", "src\EZ.PizzTop.Application\EZ.PizzTop.Application.csproj", "{120F4E49-BA40-4A0B-9BAB-680355933246}"
EndProject
Global
	GlobalSection(SolutionConfigurationPlatforms) = preSolution
		Debug|Any CPU = Debug|Any CPU
		Release|Any CPU = Release|Any CPU
	EndGlobalSection
	GlobalSection(ProjectConfigurationPlatforms) = postSolution
		{D2448CD3-DCA5-4D4E-867E-5C2BB20E9E73}.Debug|Any CPU.ActiveCfg = Debug|Any CPU
		{D2448CD3-DCA5-4D4E-867E-5C2BB20E9E73}.Debug|Any CPU.Build.0 = Debug|Any CPU
		{D2448CD3-DCA5-4D4E-867E-5C2BB20E9E73}.Release|Any CPU.ActiveCfg = Release|Any CPU
		{D2448CD3-DCA5-4D4E-867E-5C2BB20E9E73}.Release|Any CPU.Build.0 = Release|Any CPU
		{69551DA3-BB40-4A9C-B984-DC132D9FE287}.Debug|Any CPU.ActiveCfg = Debug|Any CPU
		{69551DA3-BB40-4A9C-B984-DC132D9FE287}.Debug|Any CPU.Build.0 = Debug|Any CPU
		{69551DA3-BB40-4A9C-B984-DC132D9FE287}.Release|Any CPU.ActiveCfg = Release|Any CPU
		{69551DA3-BB40-4A9C-B984-DC132D9FE287}.Release|Any CPU.Build.0 = Release|Any CPU
		{479CB1CD-5897-42FF-878F-D6D9712E2D27}.Debug|Any CPU.ActiveCfg = Debug|Any CPU
		{479CB1CD-5897-42FF-878F-D6D9712E2D27}.Debug|Any CPU.Build.0 = Debug|Any CPU
		{479CB1CD-5897-42FF-878F-D6D9712E2D27}.Release|Any CPU.ActiveCfg = Release|Any CPU
		{479CB1CD-5897-42FF-878F-D6D9712E2D27}.Release|Any CPU.Build.0 = Release|Any CPU
		{120F4E49-BA40-4A0B-9BAB-680355933246}.Debug|Any CPU.ActiveCfg = Debug|Any CPU
		{120F4E49-BA40-4A0B-9BAB-680355933246}.Debug|Any CPU.Build.0 = Debug|Any CPU
		{120F4E49-BA40-4A0B-9BAB-680355933246}.Release|Any CPU.ActiveCfg = Release|Any CPU
		{120F4E49-BA40-4A0B-9BAB-680355933246}.Release|Any CPU.Build.0 = Release|Any CPU
	EndGlobalSection
	GlobalSection(SolutionProperties) = preSolution
		HideSolutionNode = FALSE
	EndGlobalSection
	GlobalSection(NestedProjects) = preSolution
		{D2448CD3-DCA5-4D4E-867E-5C2BB20E9E73} = {A7D8EEB5-0ADE-4276-A408-11E5C1B10989}
		{A2B38DC5-F238-4900-9F8F-29D1F02510B6} = {05237A8A-BB78-4204-8C29-A4CFC4DEACFC}
		{9386D95D-342E-495D-B627-39F731D3A3CF} = {05237A8A-BB78-4204-8C29-A4CFC4DEACFC}
		{69551DA3-BB40-4A9C-B984-DC132D9FE287} = {A2B38DC5-F238-4900-9F8F-29D1F02510B6}
		{479CB1CD-5897-42FF-878F-D6D9712E2D27} = {CB27B52B-9BA8-480F-882F-480E681B2503}
		{120F4E49-BA40-4A0B-9BAB-680355933246} = {A0F9FBC5-C68B-4926-874C-BB89FEB318D4}
	EndGlobalSection
	GlobalSection(ExtensibilityGlobals) = postSolution
		SolutionGuid = {BCAD2C8F-6495-47BB-BEE9-7D6EC5DE87EE}
	EndGlobalSection
EndGlobal
